
Microsoft Visual Studio Solution File, Format Version 12.00
# Visual Studio Version 17
VisualStudioVersion = 17.6.33801.468
MinimumVisualStudioVersion = 10.0.40219.1
Project("{FAE04EC0-301F-11D3-BF4B-00C04F79EFBC}") = "LastBeer.Back", "LastBeer.Back\LastBeer.Back.csproj", "{6852566E-19BB-4C78-976D-C02143184CC7}"
EndProject
Global
	GlobalSection(SolutionConfigurationPlatforms) = preSolution
		Debug|Any CPU = Debug|Any CPU
		Release|Any CPU = Release|Any CPU
	EndGlobalSection
	GlobalSection(ProjectConfigurationPlatforms) = postSolution
		{6852566E-19BB-4C78-976D-C02143184CC7}.Debug|Any CPU.ActiveCfg = Debug|Any CPU
		{6852566E-19BB-4C78-976D-C02143184CC7}.Debug|Any CPU.Build.0 = Debug|Any CPU
		{6852566E-19BB-4C78-976D-C02143184CC7}.Release|Any CPU.ActiveCfg = Release|Any CPU
		{6852566E-19BB-4C78-976D-C02143184CC7}.Release|Any CPU.Build.0 = Release|Any CPU
	EndGlobalSection
	GlobalSection(SolutionProperties) = preSolution
		HideSolutionNode = FALSE
	EndGlobalSection
	GlobalSection(ExtensibilityGlobals) = postSolution
		SolutionGuid = {876A819D-751E-472B-9F03-294F16A4C7F6}
	EndGlobalSection
EndGlobal
